
Microsoft Visual Studio Solution File, Format Version 12.00
# Visual Studio Version 16
VisualStudioVersion = 16.0.30611.23
MinimumVisualStudioVersion = 10.0.40219.1
Project("{FAE04EC0-301F-11D3-BF4B-00C04F79EFBC}") = "EFWebServiceDemo", "EFWebServiceDemo.csproj", "{AC779E74-EEFE-474F-BDA0-4AC365174072}"
EndProject
Project("{FAE04EC0-301F-11D3-BF4B-00C04F79EFBC}") = "WebServiceClientDemo", "..\WebServiceClientDemo\WebServiceClientDemo.csproj", "{822EAE17-A552-49E9-AD73-032F63F9E795}"
EndProject
Global
	GlobalSection(SolutionConfigurationPlatforms) = preSolution
		Debug|Any CPU = Debug|Any CPU
		Release|Any CPU = Release|Any CPU
	EndGlobalSection
	GlobalSection(ProjectConfigurationPlatforms) = postSolution
		{AC779E74-EEFE-474F-BDA0-4AC365174072}.Debug|Any CPU.ActiveCfg = Debug|Any CPU
		{AC779E74-EEFE-474F-BDA0-4AC365174072}.Debug|Any CPU.Build.0 = Debug|Any CPU
		{AC779E74-EEFE-474F-BDA0-4AC365174072}.Release|Any CPU.ActiveCfg = Release|Any CPU
		{AC779E74-EEFE-474F-BDA0-4AC365174072}.Release|Any CPU.Build.0 = Release|Any CPU
		{822EAE17-A552-49E9-AD73-032F63F9E795}.Debug|Any CPU.ActiveCfg = Debug|Any CPU
		{822EAE17-A552-49E9-AD73-032F63F9E795}.Debug|Any CPU.Build.0 = Debug|Any CPU
		{822EAE17-A552-49E9-AD73-032F63F9E795}.Release|Any CPU.ActiveCfg = Release|Any CPU
		{822EAE17-A552-49E9-AD73-032F63F9E795}.Release|Any CPU.Build.0 = Release|Any CPU
	EndGlobalSection
	GlobalSection(SolutionProperties) = preSolution
		HideSolutionNode = FALSE
	EndGlobalSection
	GlobalSection(ExtensibilityGlobals) = postSolution
		SolutionGuid = {3D01E9F2-B545-4D20-82FB-BA34E3C16B24}
	EndGlobalSection
EndGlobal
